
Microsoft Visual Studio Solution File, Format Version 12.00
# Visual Studio Express 2012 for Windows Desktop
Project("{FAE04EC0-301F-11D3-BF4B-00C04F79EFBC}") = "SPOJ11_FCTRL", "SPOJ11_FCTRL\SPOJ11_FCTRL.csproj", "{71E1CD8B-512A-45C1-83F9-E7AA03EBDEC4}"
EndProject
Project("{FAE04EC0-301F-11D3-BF4B-00C04F79EFBC}") = "SPOJ42_ADDREV", "SPOJ42_ADDREV\SPOJ42_ADDREV.csproj", "{B4599AC4-F823-4CB3-B8E1-EEA8879D18D1}"
EndProject
Project("{FAE04EC0-301F-11D3-BF4B-00C04F79EFBC}") = "CodeChef_HS08TEST", "CodeChef_ATM\CodeChef_HS08TEST.csproj", "{4B4E8B5F-29E3-4012-88B4-067A0E7E9C02}"
EndProject
Project("{FAE04EC0-301F-11D3-BF4B-00C04F79EFBC}") = "CodeChef_INTEST", "CodeChef_INTEST\CodeChef_INTEST.csproj", "{A6E831F9-FDCA-4E6D-B378-46074447F343}"
EndProject
Project("{FAE04EC0-301F-11D3-BF4B-00C04F79EFBC}") = "CodeChef_DCE05", "CodeChef_DCE05\CodeChef_DCE05.csproj", "{2CA1A99C-16EC-472D-888B-4D342B3DD218}"
EndProject
Project("{FAE04EC0-301F-11D3-BF4B-00C04F79EFBC}") = "CodeChef_TSORT", "CodeChef_TSORT\CodeChef_TSORT.csproj", "{4964B743-C1F5-4572-8007-A93A5642D9DB}"
EndProject
Project("{FAE04EC0-301F-11D3-BF4B-00C04F79EFBC}") = "CodeChef_ONP", "CodeChef_ONP\CodeChef_ONP.csproj", "{AE2DC4C6-D224-438B-9D4B-E86E54D77C80}"
EndProject
Project("{FAE04EC0-301F-11D3-BF4B-00C04F79EFBC}") = "CodeChef_PERMUT2", "CodeChef_PERMUT2\CodeChef_PERMUT2.csproj", "{BB9A1CEC-E345-40F4-AC66-58AEF35C1B4C}"
EndProject
Project("{FAE04EC0-301F-11D3-BF4B-00C04F79EFBC}") = "CodeChef_HOLES", "CodeChef_HOLES\CodeChef_HOLES.csproj", "{3172B849-4CB1-4DEB-A737-F705FFCC0D05}"
EndProject
Project("{FAE04EC0-301F-11D3-BF4B-00C04F79EFBC}") = "CodeChef_TLG", "CodeChef_TLG\CodeChef_TLG.csproj", "{19CD1965-77A0-4F6D-B24F-7FE588292CF9}"
EndProject
Project("{FAE04EC0-301F-11D3-BF4B-00C04F79EFBC}") = "CodeChef_MIME2", "CodeChef_MIME2\CodeChef_MIME2.csproj", "{75EDFDCC-E92E-4B84-86CB-D194A353DBAA}"
EndProject
Project("{FAE04EC0-301F-11D3-BF4B-00C04F79EFBC}") = "CodeChef_LECANDY", "CodeChef_LECANDY\CodeChef_LECANDY.csproj", "{B0380D5F-8BEB-424A-9898-AD3CFA4AF07E}"
EndProject
Project("{FAE04EC0-301F-11D3-BF4B-00C04F79EFBC}") = "CodeChef_LEBOMBS", "CodeChef_LEBOMBS\CodeChef_LEBOMBS.csproj", "{12D4E59B-9A2F-45D9-9C4D-7102AB71028B}"
EndProject
Project("{FAE04EC0-301F-11D3-BF4B-00C04F79EFBC}") = "CodeChef_VOTERS", "CodeChef_VOTERS\CodeChef_VOTERS.csproj", "{2DD99E3A-1C9B-4903-9A33-AF9F9FD9A8E8}"
EndProject
Project("{FAE04EC0-301F-11D3-BF4B-00C04F79EFBC}") = "CodeChef_NUKES", "CodeChef_NUKES\CodeChef_NUKES.csproj", "{71BAD7B5-09FC-4305-A91A-72038AF68024}"
EndProject
Project("{FAE04EC0-301F-11D3-BF4B-00C04F79EFBC}") = "CodeChef_COMM3", "CodeChef_COMM3\CodeChef_COMM3.csproj", "{6A146412-FAD1-4767-B07A-18E17B3FA425}"
EndProject
Project("{FAE04EC0-301F-11D3-BF4B-00C04F79EFBC}") = "CodeChef_MUFFINS3", "CodeChef_MUFFINS3\CodeChef_MUFFINS3.csproj", "{12D20014-21A3-49F3-8AE0-7C89E815C9FE}"
EndProject
Project("{FAE04EC0-301F-11D3-BF4B-00C04F79EFBC}") = "CodeChef_BUYING2", "CodeChef_BUYING2\CodeChef_BUYING2.csproj", "{168B847B-A699-45DA-B822-872BD4C451AB}"
EndProject
Project("{FAE04EC0-301F-11D3-BF4B-00C04F79EFBC}") = "CodeChef_CONFLIP", "CodeChef_CONFLIP\CodeChef_CONFLIP.csproj", "{5788D17C-4FB2-4C3C-B590-51CC2B937250}"
EndProject
Project("{FAE04EC0-301F-11D3-BF4B-00C04F79EFBC}") = "CodeChef_SUMTRIAN", "CodeChef_SUMTRIAN\CodeChef_SUMTRIAN.csproj", "{0C55983A-9D62-4F60-9600-C83BA36D400B}"
EndProject
Project("{FAE04EC0-301F-11D3-BF4B-00C04F79EFBC}") = "CodeChef_MARCHA1", "CodeChef_MARCHA1\CodeChef_MARCHA1.csproj", "{BE92F65D-12E4-4652-BB30-D819D0D83898}"
EndProject
Project("{FAE04EC0-301F-11D3-BF4B-00C04F79EFBC}") = "CodeChef_COOLING", "CodeChef_COOLING\CodeChef_COOLING.csproj", "{1E966D33-4EBA-4F0C-BAC3-F5B67B6B5DA7}"
EndProject
Project("{FAE04EC0-301F-11D3-BF4B-00C04F79EFBC}") = "CodeChef_COINS", "CodeChef_COINS\CodeChef_COINS.csproj", "{7D713A24-EDE3-48D6-ABF0-0806A9D7C911}"
EndProject
Project("{FAE04EC0-301F-11D3-BF4B-00C04F79EFBC}") = "CodeChef_TWTCLOSE", "CodeChef_TWTCLOSE\CodeChef_TWTCLOSE.csproj", "{FF02DEFF-7090-4551-B541-30F50C9A78E7}"
EndProject
Project("{FAE04EC0-301F-11D3-BF4B-00C04F79EFBC}") = "CodeChef_CARVANS", "CodeChef_CARVANS\CodeChef_CARVANS.csproj", "{A6C051DF-5A14-42F6-9583-C8700B0D6946}"
EndProject
Project("{FAE04EC0-301F-11D3-BF4B-00C04F79EFBC}") = "CodeChef_CLEANUP", "CodeChef_CLEANUP\CodeChef_CLEANUP.csproj", "{C155D624-8892-4423-8DDB-1ADF8F63AF88}"
EndProject
Project("{FAE04EC0-301F-11D3-BF4B-00C04F79EFBC}") = "CodeChef_TIDRICE", "CodeChef_TIDRICE\CodeChef_TIDRICE.csproj", "{0DEA2E0C-0F50-4F44-9DBA-F30B3D247821}"
EndProject
Project("{FAE04EC0-301F-11D3-BF4B-00C04F79EFBC}") = "CodeChef_MAXCOUNT", "CodeChef_MAXCOUNT\CodeChef_MAXCOUNT.csproj", "{A5786392-3131-4EC7-906A-143FA27F0F0E}"
EndProject
Project("{FAE04EC0-301F-11D3-BF4B-00C04F79EFBC}") = "CodeChef_POINTS", "CodeChef_POINTS\CodeChef_POINTS.csproj", "{948EEF3B-009B-4622-962E-BB61CF04AC03}"
EndProject
Project("{FAE04EC0-301F-11D3-BF4B-00C04F79EFBC}") = "CodeChef_DOUBLE", "CodeChef_DOUBLE\CodeChef_DOUBLE.csproj", "{CC767671-7196-4271-B2B4-09DB2C4A59AC}"
EndProject
Project("{FAE04EC0-301F-11D3-BF4B-00C04F79EFBC}") = "CodeChef_CIELAB", "CodeChef_CIELAB\CodeChef_CIELAB.csproj", "{70761CE9-8535-4B6C-8BA3-59E8EB4AD13C}"
EndProject
Project("{FAE04EC0-301F-11D3-BF4B-00C04F79EFBC}") = "CodeChef_STONES", "CodeChef_STONES\CodeChef_STONES.csproj", "{231F85D2-8CEE-44D7-B988-F045798F3A12}"
EndProject
Project("{FAE04EC0-301F-11D3-BF4B-00C04F79EFBC}") = "CodeChef_HORSES", "CodeChef_HORSES\CodeChef_HORSES.csproj", "{43E29E44-4D36-4DFF-8EF4-CDC531AEA587}"
EndProject
Project("{FAE04EC0-301F-11D3-BF4B-00C04F79EFBC}") = "CodeChef_PLAYFIT", "CodeChef_PLAYFIT\CodeChef_PLAYFIT.csproj", "{8260BE8B-2297-469B-A53C-6C98F8481E9B}"
EndProject
Project("{FAE04EC0-301F-11D3-BF4B-00C04F79EFBC}") = "CodeChef_HOTEL", "CodeChef_HOTEL\CodeChef_HOTEL.csproj", "{C1790287-8E40-4340-A154-093779575BE0}"
EndProject
Global
	GlobalSection(SolutionConfigurationPlatforms) = preSolution
		Debug|Any CPU = Debug|Any CPU
		Debug|Mixed Platforms = Debug|Mixed Platforms
		Debug|x86 = Debug|x86
		Release|Any CPU = Release|Any CPU
		Release|Mixed Platforms = Release|Mixed Platforms
		Release|x86 = Release|x86
	EndGlobalSection
	GlobalSection(ProjectConfigurationPlatforms) = postSolution
		{71E1CD8B-512A-45C1-83F9-E7AA03EBDEC4}.Debug|Any CPU.ActiveCfg = Debug|x86
		{71E1CD8B-512A-45C1-83F9-E7AA03EBDEC4}.Debug|Mixed Platforms.ActiveCfg = Debug|x86
		{71E1CD8B-512A-45C1-83F9-E7AA03EBDEC4}.Debug|Mixed Platforms.Build.0 = Debug|x86
		{71E1CD8B-512A-45C1-83F9-E7AA03EBDEC4}.Debug|x86.ActiveCfg = Debug|x86
		{71E1CD8B-512A-45C1-83F9-E7AA03EBDEC4}.Debug|x86.Build.0 = Debug|x86
		{71E1CD8B-512A-45C1-83F9-E7AA03EBDEC4}.Release|Any CPU.ActiveCfg = Release|x86
		{71E1CD8B-512A-45C1-83F9-E7AA03EBDEC4}.Release|Mixed Platforms.ActiveCfg = Release|x86
		{71E1CD8B-512A-45C1-83F9-E7AA03EBDEC4}.Release|Mixed Platforms.Build.0 = Release|x86
		{71E1CD8B-512A-45C1-83F9-E7AA03EBDEC4}.Release|x86.ActiveCfg = Release|x86
		{71E1CD8B-512A-45C1-83F9-E7AA03EBDEC4}.Release|x86.Build.0 = Release|x86
		{B4599AC4-F823-4CB3-B8E1-EEA8879D18D1}.Debug|Any CPU.ActiveCfg = Debug|x86
		{B4599AC4-F823-4CB3-B8E1-EEA8879D18D1}.Debug|Mixed Platforms.ActiveCfg = Debug|x86
		{B4599AC4-F823-4CB3-B8E1-EEA8879D18D1}.Debug|Mixed Platforms.Build.0 = Debug|x86
		{B4599AC4-F823-4CB3-B8E1-EEA8879D18D1}.Debug|x86.ActiveCfg = Debug|x86
		{B4599AC4-F823-4CB3-B8E1-EEA8879D18D1}.Debug|x86.Build.0 = Debug|x86
		{B4599AC4-F823-4CB3-B8E1-EEA8879D18D1}.Release|Any CPU.ActiveCfg = Release|x86
		{B4599AC4-F823-4CB3-B8E1-EEA8879D18D1}.Release|Mixed Platforms.ActiveCfg = Release|x86
		{B4599AC4-F823-4CB3-B8E1-EEA8879D18D1}.Release|Mixed Platforms.Build.0 = Release|x86
		{B4599AC4-F823-4CB3-B8E1-EEA8879D18D1}.Release|x86.ActiveCfg = Release|x86
		{B4599AC4-F823-4CB3-B8E1-EEA8879D18D1}.Release|x86.Build.0 = Release|x86
		{4B4E8B5F-29E3-4012-88B4-067A0E7E9C02}.Debug|Any CPU.ActiveCfg = Debug|x86
		{4B4E8B5F-29E3-4012-88B4-067A0E7E9C02}.Debug|Mixed Platforms.ActiveCfg = Debug|x86
		{4B4E8B5F-29E3-4012-88B4-067A0E7E9C02}.Debug|Mixed Platforms.Build.0 = Debug|x86
		{4B4E8B5F-29E3-4012-88B4-067A0E7E9C02}.Debug|x86.ActiveCfg = Debug|x86
		{4B4E8B5F-29E3-4012-88B4-067A0E7E9C02}.Debug|x86.Build.0 = Debug|x86
		{4B4E8B5F-29E3-4012-88B4-067A0E7E9C02}.Release|Any CPU.ActiveCfg = Release|x86
		{4B4E8B5F-29E3-4012-88B4-067A0E7E9C02}.Release|Mixed Platforms.ActiveCfg = Release|x86
		{4B4E8B5F-29E3-4012-88B4-067A0E7E9C02}.Release|Mixed Platforms.Build.0 = Release|x86
		{4B4E8B5F-29E3-4012-88B4-067A0E7E9C02}.Release|x86.ActiveCfg = Release|x86
		{4B4E8B5F-29E3-4012-88B4-067A0E7E9C02}.Release|x86.Build.0 = Release|x86
		{A6E831F9-FDCA-4E6D-B378-46074447F343}.Debug|Any CPU.ActiveCfg = Debug|x86
		{A6E831F9-FDCA-4E6D-B378-46074447F343}.Debug|Mixed Platforms.ActiveCfg = Debug|x86
		{A6E831F9-FDCA-4E6D-B378-46074447F343}.Debug|Mixed Platforms.Build.0 = Debug|x86
		{A6E831F9-FDCA-4E6D-B378-46074447F343}.Debug|x86.ActiveCfg = Debug|x86
		{A6E831F9-FDCA-4E6D-B378-46074447F343}.Debug|x86.Build.0 = Debug|x86
		{A6E831F9-FDCA-4E6D-B378-46074447F343}.Release|Any CPU.ActiveCfg = Release|x86
		{A6E831F9-FDCA-4E6D-B378-46074447F343}.Release|Mixed Platforms.ActiveCfg = Release|x86
		{A6E831F9-FDCA-4E6D-B378-46074447F343}.Release|Mixed Platforms.Build.0 = Release|x86
		{A6E831F9-FDCA-4E6D-B378-46074447F343}.Release|x86.ActiveCfg = Release|x86
		{A6E831F9-FDCA-4E6D-B378-46074447F343}.Release|x86.Build.0 = Release|x86
		{2CA1A99C-16EC-472D-888B-4D342B3DD218}.Debug|Any CPU.ActiveCfg = Debug|x86
		{2CA1A99C-16EC-472D-888B-4D342B3DD218}.Debug|Mixed Platforms.ActiveCfg = Debug|x86
		{2CA1A99C-16EC-472D-888B-4D342B3DD218}.Debug|Mixed Platforms.Build.0 = Debug|x86
		{2CA1A99C-16EC-472D-888B-4D342B3DD218}.Debug|x86.ActiveCfg = Debug|x86
		{2CA1A99C-16EC-472D-888B-4D342B3DD218}.Debug|x86.Build.0 = Debug|x86
		{2CA1A99C-16EC-472D-888B-4D342B3DD218}.Release|Any CPU.ActiveCfg = Release|x86
		{2CA1A99C-16EC-472D-888B-4D342B3DD218}.Release|Mixed Platforms.ActiveCfg = Release|x86
		{2CA1A99C-16EC-472D-888B-4D342B3DD218}.Release|Mixed Platforms.Build.0 = Release|x86
		{2CA1A99C-16EC-472D-888B-4D342B3DD218}.Release|x86.ActiveCfg = Release|x86
		{2CA1A99C-16EC-472D-888B-4D342B3DD218}.Release|x86.Build.0 = Release|x86
		{4964B743-C1F5-4572-8007-A93A5642D9DB}.Debug|Any CPU.ActiveCfg = Debug|x86
		{4964B743-C1F5-4572-8007-A93A5642D9DB}.Debug|Mixed Platforms.ActiveCfg = Debug|x86
		{4964B743-C1F5-4572-8007-A93A5642D9DB}.Debug|Mixed Platforms.Build.0 = Debug|x86
		{4964B743-C1F5-4572-8007-A93A5642D9DB}.Debug|x86.ActiveCfg = Debug|x86
		{4964B743-C1F5-4572-8007-A93A5642D9DB}.Debug|x86.Build.0 = Debug|x86
		{4964B743-C1F5-4572-8007-A93A5642D9DB}.Release|Any CPU.ActiveCfg = Release|x86
		{4964B743-C1F5-4572-8007-A93A5642D9DB}.Release|Mixed Platforms.ActiveCfg = Release|x86
		{4964B743-C1F5-4572-8007-A93A5642D9DB}.Release|Mixed Platforms.Build.0 = Release|x86
		{4964B743-C1F5-4572-8007-A93A5642D9DB}.Release|x86.ActiveCfg = Release|x86
		{4964B743-C1F5-4572-8007-A93A5642D9DB}.Release|x86.Build.0 = Release|x86
		{AE2DC4C6-D224-438B-9D4B-E86E54D77C80}.Debug|Any CPU.ActiveCfg = Debug|x86
		{AE2DC4C6-D224-438B-9D4B-E86E54D77C80}.Debug|Mixed Platforms.ActiveCfg = Debug|x86
		{AE2DC4C6-D224-438B-9D4B-E86E54D77C80}.Debug|Mixed Platforms.Build.0 = Debug|x86
		{AE2DC4C6-D224-438B-9D4B-E86E54D77C80}.Debug|x86.ActiveCfg = Debug|x86
		{AE2DC4C6-D224-438B-9D4B-E86E54D77C80}.Debug|x86.Build.0 = Debug|x86
		{AE2DC4C6-D224-438B-9D4B-E86E54D77C80}.Release|Any CPU.ActiveCfg = Release|x86
		{AE2DC4C6-D224-438B-9D4B-E86E54D77C80}.Release|Mixed Platforms.ActiveCfg = Release|x86
		{AE2DC4C6-D224-438B-9D4B-E86E54D77C80}.Release|Mixed Platforms.Build.0 = Release|x86
		{AE2DC4C6-D224-438B-9D4B-E86E54D77C80}.Release|x86.ActiveCfg = Release|x86
		{AE2DC4C6-D224-438B-9D4B-E86E54D77C80}.Release|x86.Build.0 = Release|x86
		{BB9A1CEC-E345-40F4-AC66-58AEF35C1B4C}.Debug|Any CPU.ActiveCfg = Debug|x86
		{BB9A1CEC-E345-40F4-AC66-58AEF35C1B4C}.Debug|Mixed Platforms.ActiveCfg = Debug|x86
		{BB9A1CEC-E345-40F4-AC66-58AEF35C1B4C}.Debug|Mixed Platforms.Build.0 = Debug|x86
		{BB9A1CEC-E345-40F4-AC66-58AEF35C1B4C}.Debug|x86.ActiveCfg = Debug|x86
		{BB9A1CEC-E345-40F4-AC66-58AEF35C1B4C}.Debug|x86.Build.0 = Debug|x86
		{BB9A1CEC-E345-40F4-AC66-58AEF35C1B4C}.Release|Any CPU.ActiveCfg = Release|x86
		{BB9A1CEC-E345-40F4-AC66-58AEF35C1B4C}.Release|Mixed Platforms.ActiveCfg = Release|x86
		{BB9A1CEC-E345-40F4-AC66-58AEF35C1B4C}.Release|Mixed Platforms.Build.0 = Release|x86
		{BB9A1CEC-E345-40F4-AC66-58AEF35C1B4C}.Release|x86.ActiveCfg = Release|x86
		{BB9A1CEC-E345-40F4-AC66-58AEF35C1B4C}.Release|x86.Build.0 = Release|x86
		{3172B849-4CB1-4DEB-A737-F705FFCC0D05}.Debug|Any CPU.ActiveCfg = Debug|x86
		{3172B849-4CB1-4DEB-A737-F705FFCC0D05}.Debug|Mixed Platforms.ActiveCfg = Debug|x86
		{3172B849-4CB1-4DEB-A737-F705FFCC0D05}.Debug|Mixed Platforms.Build.0 = Debug|x86
		{3172B849-4CB1-4DEB-A737-F705FFCC0D05}.Debug|x86.ActiveCfg = Debug|x86
		{3172B849-4CB1-4DEB-A737-F705FFCC0D05}.Debug|x86.Build.0 = Debug|x86
		{3172B849-4CB1-4DEB-A737-F705FFCC0D05}.Release|Any CPU.ActiveCfg = Release|x86
		{3172B849-4CB1-4DEB-A737-F705FFCC0D05}.Release|Mixed Platforms.ActiveCfg = Release|x86
		{3172B849-4CB1-4DEB-A737-F705FFCC0D05}.Release|Mixed Platforms.Build.0 = Release|x86
		{3172B849-4CB1-4DEB-A737-F705FFCC0D05}.Release|x86.ActiveCfg = Release|x86
		{3172B849-4CB1-4DEB-A737-F705FFCC0D05}.Release|x86.Build.0 = Release|x86
		{19CD1965-77A0-4F6D-B24F-7FE588292CF9}.Debug|Any CPU.ActiveCfg = Debug|x86
		{19CD1965-77A0-4F6D-B24F-7FE588292CF9}.Debug|Mixed Platforms.ActiveCfg = Debug|x86
		{19CD1965-77A0-4F6D-B24F-7FE588292CF9}.Debug|Mixed Platforms.Build.0 = Debug|x86
		{19CD1965-77A0-4F6D-B24F-7FE588292CF9}.Debug|x86.ActiveCfg = Debug|x86
		{19CD1965-77A0-4F6D-B24F-7FE588292CF9}.Debug|x86.Build.0 = Debug|x86
		{19CD1965-77A0-4F6D-B24F-7FE588292CF9}.Release|Any CPU.ActiveCfg = Release|x86
		{19CD1965-77A0-4F6D-B24F-7FE588292CF9}.Release|Mixed Platforms.ActiveCfg = Release|x86
		{19CD1965-77A0-4F6D-B24F-7FE588292CF9}.Release|Mixed Platforms.Build.0 = Release|x86
		{19CD1965-77A0-4F6D-B24F-7FE588292CF9}.Release|x86.ActiveCfg = Release|x86
		{19CD1965-77A0-4F6D-B24F-7FE588292CF9}.Release|x86.Build.0 = Release|x86
		{75EDFDCC-E92E-4B84-86CB-D194A353DBAA}.Debug|Any CPU.ActiveCfg = Debug|x86
		{75EDFDCC-E92E-4B84-86CB-D194A353DBAA}.Debug|Mixed Platforms.ActiveCfg = Debug|x86
		{75EDFDCC-E92E-4B84-86CB-D194A353DBAA}.Debug|Mixed Platforms.Build.0 = Debug|x86
		{75EDFDCC-E92E-4B84-86CB-D194A353DBAA}.Debug|x86.ActiveCfg = Debug|x86
		{75EDFDCC-E92E-4B84-86CB-D194A353DBAA}.Debug|x86.Build.0 = Debug|x86
		{75EDFDCC-E92E-4B84-86CB-D194A353DBAA}.Release|Any CPU.ActiveCfg = Release|x86
		{75EDFDCC-E92E-4B84-86CB-D194A353DBAA}.Release|Mixed Platforms.ActiveCfg = Release|x86
		{75EDFDCC-E92E-4B84-86CB-D194A353DBAA}.Release|Mixed Platforms.Build.0 = Release|x86
		{75EDFDCC-E92E-4B84-86CB-D194A353DBAA}.Release|x86.ActiveCfg = Release|x86
		{75EDFDCC-E92E-4B84-86CB-D194A353DBAA}.Release|x86.Build.0 = Release|x86
		{B0380D5F-8BEB-424A-9898-AD3CFA4AF07E}.Debug|Any CPU.ActiveCfg = Debug|x86
		{B0380D5F-8BEB-424A-9898-AD3CFA4AF07E}.Debug|Mixed Platforms.ActiveCfg = Debug|x86
		{B0380D5F-8BEB-424A-9898-AD3CFA4AF07E}.Debug|Mixed Platforms.Build.0 = Debug|x86
		{B0380D5F-8BEB-424A-9898-AD3CFA4AF07E}.Debug|x86.ActiveCfg = Debug|x86
		{B0380D5F-8BEB-424A-9898-AD3CFA4AF07E}.Debug|x86.Build.0 = Debug|x86
		{B0380D5F-8BEB-424A-9898-AD3CFA4AF07E}.Release|Any CPU.ActiveCfg = Release|x86
		{B0380D5F-8BEB-424A-9898-AD3CFA4AF07E}.Release|Mixed Platforms.ActiveCfg = Release|x86
		{B0380D5F-8BEB-424A-9898-AD3CFA4AF07E}.Release|Mixed Platforms.Build.0 = Release|x86
		{B0380D5F-8BEB-424A-9898-AD3CFA4AF07E}.Release|x86.ActiveCfg = Release|x86
		{B0380D5F-8BEB-424A-9898-AD3CFA4AF07E}.Release|x86.Build.0 = Release|x86
		{12D4E59B-9A2F-45D9-9C4D-7102AB71028B}.Debug|Any CPU.ActiveCfg = Debug|x86
		{12D4E59B-9A2F-45D9-9C4D-7102AB71028B}.Debug|Mixed Platforms.ActiveCfg = Debug|x86
		{12D4E59B-9A2F-45D9-9C4D-7102AB71028B}.Debug|Mixed Platforms.Build.0 = Debug|x86
		{12D4E59B-9A2F-45D9-9C4D-7102AB71028B}.Debug|x86.ActiveCfg = Debug|x86
		{12D4E59B-9A2F-45D9-9C4D-7102AB71028B}.Debug|x86.Build.0 = Debug|x86
		{12D4E59B-9A2F-45D9-9C4D-7102AB71028B}.Release|Any CPU.ActiveCfg = Release|x86
		{12D4E59B-9A2F-45D9-9C4D-7102AB71028B}.Release|Mixed Platforms.ActiveCfg = Release|x86
		{12D4E59B-9A2F-45D9-9C4D-7102AB71028B}.Release|Mixed Platforms.Build.0 = Release|x86
		{12D4E59B-9A2F-45D9-9C4D-7102AB71028B}.Release|x86.ActiveCfg = Release|x86
		{12D4E59B-9A2F-45D9-9C4D-7102AB71028B}.Release|x86.Build.0 = Release|x86
		{2DD99E3A-1C9B-4903-9A33-AF9F9FD9A8E8}.Debug|Any CPU.ActiveCfg = Debug|x86
		{2DD99E3A-1C9B-4903-9A33-AF9F9FD9A8E8}.Debug|Mixed Platforms.ActiveCfg = Debug|x86
		{2DD99E3A-1C9B-4903-9A33-AF9F9FD9A8E8}.Debug|Mixed Platforms.Build.0 = Debug|x86
		{2DD99E3A-1C9B-4903-9A33-AF9F9FD9A8E8}.Debug|x86.ActiveCfg = Debug|x86
		{2DD99E3A-1C9B-4903-9A33-AF9F9FD9A8E8}.Debug|x86.Build.0 = Debug|x86
		{2DD99E3A-1C9B-4903-9A33-AF9F9FD9A8E8}.Release|Any CPU.ActiveCfg = Release|x86
		{2DD99E3A-1C9B-4903-9A33-AF9F9FD9A8E8}.Release|Mixed Platforms.ActiveCfg = Release|x86
		{2DD99E3A-1C9B-4903-9A33-AF9F9FD9A8E8}.Release|Mixed Platforms.Build.0 = Release|x86
		{2DD99E3A-1C9B-4903-9A33-AF9F9FD9A8E8}.Release|x86.ActiveCfg = Release|x86
		{2DD99E3A-1C9B-4903-9A33-AF9F9FD9A8E8}.Release|x86.Build.0 = Release|x86
		{71BAD7B5-09FC-4305-A91A-72038AF68024}.Debug|Any CPU.ActiveCfg = Debug|x86
		{71BAD7B5-09FC-4305-A91A-72038AF68024}.Debug|Mixed Platforms.ActiveCfg = Debug|x86
		{71BAD7B5-09FC-4305-A91A-72038AF68024}.Debug|Mixed Platforms.Build.0 = Debug|x86
		{71BAD7B5-09FC-4305-A91A-72038AF68024}.Debug|x86.ActiveCfg = Debug|x86
		{71BAD7B5-09FC-4305-A91A-72038AF68024}.Debug|x86.Build.0 = Debug|x86
		{71BAD7B5-09FC-4305-A91A-72038AF68024}.Release|Any CPU.ActiveCfg = Release|x86
		{71BAD7B5-09FC-4305-A91A-72038AF68024}.Release|Mixed Platforms.ActiveCfg = Release|x86
		{71BAD7B5-09FC-4305-A91A-72038AF68024}.Release|Mixed Platforms.Build.0 = Release|x86
		{71BAD7B5-09FC-4305-A91A-72038AF68024}.Release|x86.ActiveCfg = Release|x86
		{71BAD7B5-09FC-4305-A91A-72038AF68024}.Release|x86.Build.0 = Release|x86
		{6A146412-FAD1-4767-B07A-18E17B3FA425}.Debug|Any CPU.ActiveCfg = Debug|x86
		{6A146412-FAD1-4767-B07A-18E17B3FA425}.Debug|Mixed Platforms.ActiveCfg = Debug|x86
		{6A146412-FAD1-4767-B07A-18E17B3FA425}.Debug|Mixed Platforms.Build.0 = Debug|x86
		{6A146412-FAD1-4767-B07A-18E17B3FA425}.Debug|x86.ActiveCfg = Debug|x86
		{6A146412-FAD1-4767-B07A-18E17B3FA425}.Debug|x86.Build.0 = Debug|x86
		{6A146412-FAD1-4767-B07A-18E17B3FA425}.Release|Any CPU.ActiveCfg = Release|x86
		{6A146412-FAD1-4767-B07A-18E17B3FA425}.Release|Mixed Platforms.ActiveCfg = Release|x86
		{6A146412-FAD1-4767-B07A-18E17B3FA425}.Release|Mixed Platforms.Build.0 = Release|x86
		{6A146412-FAD1-4767-B07A-18E17B3FA425}.Release|x86.ActiveCfg = Release|x86
		{6A146412-FAD1-4767-B07A-18E17B3FA425}.Release|x86.Build.0 = Release|x86
		{12D20014-21A3-49F3-8AE0-7C89E815C9FE}.Debug|Any CPU.ActiveCfg = Debug|x86
		{12D20014-21A3-49F3-8AE0-7C89E815C9FE}.Debug|Mixed Platforms.ActiveCfg = Debug|x86
		{12D20014-21A3-49F3-8AE0-7C89E815C9FE}.Debug|Mixed Platforms.Build.0 = Debug|x86
		{12D20014-21A3-49F3-8AE0-7C89E815C9FE}.Debug|x86.ActiveCfg = Debug|x86
		{12D20014-21A3-49F3-8AE0-7C89E815C9FE}.Debug|x86.Build.0 = Debug|x86
		{12D20014-21A3-49F3-8AE0-7C89E815C9FE}.Release|Any CPU.ActiveCfg = Release|x86
		{12D20014-21A3-49F3-8AE0-7C89E815C9FE}.Release|Mixed Platforms.ActiveCfg = Release|x86
		{12D20014-21A3-49F3-8AE0-7C89E815C9FE}.Release|Mixed Platforms.Build.0 = Release|x86
		{12D20014-21A3-49F3-8AE0-7C89E815C9FE}.Release|x86.ActiveCfg = Release|x86
		{12D20014-21A3-49F3-8AE0-7C89E815C9FE}.Release|x86.Build.0 = Release|x86
		{168B847B-A699-45DA-B822-872BD4C451AB}.Debug|Any CPU.ActiveCfg = Debug|x86
		{168B847B-A699-45DA-B822-872BD4C451AB}.Debug|Mixed Platforms.ActiveCfg = Debug|x86
		{168B847B-A699-45DA-B822-872BD4C451AB}.Debug|Mixed Platforms.Build.0 = Debug|x86
		{168B847B-A699-45DA-B822-872BD4C451AB}.Debug|x86.ActiveCfg = Debug|x86
		{168B847B-A699-45DA-B822-872BD4C451AB}.Debug|x86.Build.0 = Debug|x86
		{168B847B-A699-45DA-B822-872BD4C451AB}.Release|Any CPU.ActiveCfg = Release|x86
		{168B847B-A699-45DA-B822-872BD4C451AB}.Release|Mixed Platforms.ActiveCfg = Release|x86
		{168B847B-A699-45DA-B822-872BD4C451AB}.Release|Mixed Platforms.Build.0 = Release|x86
		{168B847B-A699-45DA-B822-872BD4C451AB}.Release|x86.ActiveCfg = Release|x86
		{168B847B-A699-45DA-B822-872BD4C451AB}.Release|x86.Build.0 = Release|x86
		{5788D17C-4FB2-4C3C-B590-51CC2B937250}.Debug|Any CPU.ActiveCfg = Debug|x86
		{5788D17C-4FB2-4C3C-B590-51CC2B937250}.Debug|Mixed Platforms.ActiveCfg = Debug|x86
		{5788D17C-4FB2-4C3C-B590-51CC2B937250}.Debug|Mixed Platforms.Build.0 = Debug|x86
		{5788D17C-4FB2-4C3C-B590-51CC2B937250}.Debug|x86.ActiveCfg = Debug|x86
		{5788D17C-4FB2-4C3C-B590-51CC2B937250}.Debug|x86.Build.0 = Debug|x86
		{5788D17C-4FB2-4C3C-B590-51CC2B937250}.Release|Any CPU.ActiveCfg = Release|x86
		{5788D17C-4FB2-4C3C-B590-51CC2B937250}.Release|Mixed Platforms.ActiveCfg = Release|x86
		{5788D17C-4FB2-4C3C-B590-51CC2B937250}.Release|Mixed Platforms.Build.0 = Release|x86
		{5788D17C-4FB2-4C3C-B590-51CC2B937250}.Release|x86.ActiveCfg = Release|x86
		{5788D17C-4FB2-4C3C-B590-51CC2B937250}.Release|x86.Build.0 = Release|x86
		{0C55983A-9D62-4F60-9600-C83BA36D400B}.Debug|Any CPU.ActiveCfg = Debug|x86
		{0C55983A-9D62-4F60-9600-C83BA36D400B}.Debug|Mixed Platforms.ActiveCfg = Debug|x86
		{0C55983A-9D62-4F60-9600-C83BA36D400B}.Debug|Mixed Platforms.Build.0 = Debug|x86
		{0C55983A-9D62-4F60-9600-C83BA36D400B}.Debug|x86.ActiveCfg = Debug|x86
		{0C55983A-9D62-4F60-9600-C83BA36D400B}.Debug|x86.Build.0 = Debug|x86
		{0C55983A-9D62-4F60-9600-C83BA36D400B}.Release|Any CPU.ActiveCfg = Release|x86
		{0C55983A-9D62-4F60-9600-C83BA36D400B}.Release|Mixed Platforms.ActiveCfg = Release|x86
		{0C55983A-9D62-4F60-9600-C83BA36D400B}.Release|Mixed Platforms.Build.0 = Release|x86
		{0C55983A-9D62-4F60-9600-C83BA36D400B}.Release|x86.ActiveCfg = Release|x86
		{0C55983A-9D62-4F60-9600-C83BA36D400B}.Release|x86.Build.0 = Release|x86
		{BE92F65D-12E4-4652-BB30-D819D0D83898}.Debug|Any CPU.ActiveCfg = Debug|x86
		{BE92F65D-12E4-4652-BB30-D819D0D83898}.Debug|Mixed Platforms.ActiveCfg = Debug|x86
		{BE92F65D-12E4-4652-BB30-D819D0D83898}.Debug|Mixed Platforms.Build.0 = Debug|x86
		{BE92F65D-12E4-4652-BB30-D819D0D83898}.Debug|x86.ActiveCfg = Debug|x86
		{BE92F65D-12E4-4652-BB30-D819D0D83898}.Debug|x86.Build.0 = Debug|x86
		{BE92F65D-12E4-4652-BB30-D819D0D83898}.Release|Any CPU.ActiveCfg = Release|x86
		{BE92F65D-12E4-4652-BB30-D819D0D83898}.Release|Mixed Platforms.ActiveCfg = Release|x86
		{BE92F65D-12E4-4652-BB30-D819D0D83898}.Release|Mixed Platforms.Build.0 = Release|x86
		{BE92F65D-12E4-4652-BB30-D819D0D83898}.Release|x86.ActiveCfg = Release|x86
		{BE92F65D-12E4-4652-BB30-D819D0D83898}.Release|x86.Build.0 = Release|x86
		{1E966D33-4EBA-4F0C-BAC3-F5B67B6B5DA7}.Debug|Any CPU.ActiveCfg = Debug|x86
		{1E966D33-4EBA-4F0C-BAC3-F5B67B6B5DA7}.Debug|Mixed Platforms.ActiveCfg = Debug|x86
		{1E966D33-4EBA-4F0C-BAC3-F5B67B6B5DA7}.Debug|Mixed Platforms.Build.0 = Debug|x86
		{1E966D33-4EBA-4F0C-BAC3-F5B67B6B5DA7}.Debug|x86.ActiveCfg = Debug|x86
		{1E966D33-4EBA-4F0C-BAC3-F5B67B6B5DA7}.Debug|x86.Build.0 = Debug|x86
		{1E966D33-4EBA-4F0C-BAC3-F5B67B6B5DA7}.Release|Any CPU.ActiveCfg = Release|x86
		{1E966D33-4EBA-4F0C-BAC3-F5B67B6B5DA7}.Release|Mixed Platforms.ActiveCfg = Release|x86
		{1E966D33-4EBA-4F0C-BAC3-F5B67B6B5DA7}.Release|Mixed Platforms.Build.0 = Release|x86
		{1E966D33-4EBA-4F0C-BAC3-F5B67B6B5DA7}.Release|x86.ActiveCfg = Release|x86
		{1E966D33-4EBA-4F0C-BAC3-F5B67B6B5DA7}.Release|x86.Build.0 = Release|x86
		{7D713A24-EDE3-48D6-ABF0-0806A9D7C911}.Debug|Any CPU.ActiveCfg = Debug|x86
		{7D713A24-EDE3-48D6-ABF0-0806A9D7C911}.Debug|Mixed Platforms.ActiveCfg = Debug|x86
		{7D713A24-EDE3-48D6-ABF0-0806A9D7C911}.Debug|Mixed Platforms.Build.0 = Debug|x86
		{7D713A24-EDE3-48D6-ABF0-0806A9D7C911}.Debug|x86.ActiveCfg = Debug|x86
		{7D713A24-EDE3-48D6-ABF0-0806A9D7C911}.Debug|x86.Build.0 = Debug|x86
		{7D713A24-EDE3-48D6-ABF0-0806A9D7C911}.Release|Any CPU.ActiveCfg = Release|x86
		{7D713A24-EDE3-48D6-ABF0-0806A9D7C911}.Release|Mixed Platforms.ActiveCfg = Release|x86
		{7D713A24-EDE3-48D6-ABF0-0806A9D7C911}.Release|Mixed Platforms.Build.0 = Release|x86
		{7D713A24-EDE3-48D6-ABF0-0806A9D7C911}.Release|x86.ActiveCfg = Release|x86
		{7D713A24-EDE3-48D6-ABF0-0806A9D7C911}.Release|x86.Build.0 = Release|x86
		{FF02DEFF-7090-4551-B541-30F50C9A78E7}.Debug|Any CPU.ActiveCfg = Debug|x86
		{FF02DEFF-7090-4551-B541-30F50C9A78E7}.Debug|Mixed Platforms.ActiveCfg = Debug|x86
		{FF02DEFF-7090-4551-B541-30F50C9A78E7}.Debug|Mixed Platforms.Build.0 = Debug|x86
		{FF02DEFF-7090-4551-B541-30F50C9A78E7}.Debug|x86.ActiveCfg = Debug|x86
		{FF02DEFF-7090-4551-B541-30F50C9A78E7}.Debug|x86.Build.0 = Debug|x86
		{FF02DEFF-7090-4551-B541-30F50C9A78E7}.Release|Any CPU.ActiveCfg = Release|x86
		{FF02DEFF-7090-4551-B541-30F50C9A78E7}.Release|Mixed Platforms.ActiveCfg = Release|x86
		{FF02DEFF-7090-4551-B541-30F50C9A78E7}.Release|Mixed Platforms.Build.0 = Release|x86
		{FF02DEFF-7090-4551-B541-30F50C9A78E7}.Release|x86.ActiveCfg = Release|x86
		{FF02DEFF-7090-4551-B541-30F50C9A78E7}.Release|x86.Build.0 = Release|x86
		{A6C051DF-5A14-42F6-9583-C8700B0D6946}.Debug|Any CPU.ActiveCfg = Debug|x86
		{A6C051DF-5A14-42F6-9583-C8700B0D6946}.Debug|Mixed Platforms.ActiveCfg = Debug|x86
		{A6C051DF-5A14-42F6-9583-C8700B0D6946}.Debug|Mixed Platforms.Build.0 = Debug|x86
		{A6C051DF-5A14-42F6-9583-C8700B0D6946}.Debug|x86.ActiveCfg = Debug|x86
		{A6C051DF-5A14-42F6-9583-C8700B0D6946}.Debug|x86.Build.0 = Debug|x86
		{A6C051DF-5A14-42F6-9583-C8700B0D6946}.Release|Any CPU.ActiveCfg = Release|x86
		{A6C051DF-5A14-42F6-9583-C8700B0D6946}.Release|Mixed Platforms.ActiveCfg = Release|x86
		{A6C051DF-5A14-42F6-9583-C8700B0D6946}.Release|Mixed Platforms.Build.0 = Release|x86
		{A6C051DF-5A14-42F6-9583-C8700B0D6946}.Release|x86.ActiveCfg = Release|x86
		{A6C051DF-5A14-42F6-9583-C8700B0D6946}.Release|x86.Build.0 = Release|x86
		{C155D624-8892-4423-8DDB-1ADF8F63AF88}.Debug|Any CPU.ActiveCfg = Debug|Any CPU
		{C155D624-8892-4423-8DDB-1ADF8F63AF88}.Debug|Any CPU.Build.0 = Debug|Any CPU
		{C155D624-8892-4423-8DDB-1ADF8F63AF88}.Debug|Mixed Platforms.ActiveCfg = Debug|Any CPU
		{C155D624-8892-4423-8DDB-1ADF8F63AF88}.Debug|Mixed Platforms.Build.0 = Debug|Any CPU
		{C155D624-8892-4423-8DDB-1ADF8F63AF88}.Debug|x86.ActiveCfg = Debug|Any CPU
		{C155D624-8892-4423-8DDB-1ADF8F63AF88}.Release|Any CPU.ActiveCfg = Release|Any CPU
		{C155D624-8892-4423-8DDB-1ADF8F63AF88}.Release|Any CPU.Build.0 = Release|Any CPU
		{C155D624-8892-4423-8DDB-1ADF8F63AF88}.Release|Mixed Platforms.ActiveCfg = Release|Any CPU
		{C155D624-8892-4423-8DDB-1ADF8F63AF88}.Release|Mixed Platforms.Build.0 = Release|Any CPU
		{C155D624-8892-4423-8DDB-1ADF8F63AF88}.Release|x86.ActiveCfg = Release|Any CPU
		{0DEA2E0C-0F50-4F44-9DBA-F30B3D247821}.Debug|Any CPU.ActiveCfg = Debug|Any CPU
		{0DEA2E0C-0F50-4F44-9DBA-F30B3D247821}.Debug|Any CPU.Build.0 = Debug|Any CPU
		{0DEA2E0C-0F50-4F44-9DBA-F30B3D247821}.Debug|Mixed Platforms.ActiveCfg = Debug|Any CPU
		{0DEA2E0C-0F50-4F44-9DBA-F30B3D247821}.Debug|Mixed Platforms.Build.0 = Debug|Any CPU
		{0DEA2E0C-0F50-4F44-9DBA-F30B3D247821}.Debug|x86.ActiveCfg = Debug|Any CPU
		{0DEA2E0C-0F50-4F44-9DBA-F30B3D247821}.Release|Any CPU.ActiveCfg = Release|Any CPU
		{0DEA2E0C-0F50-4F44-9DBA-F30B3D247821}.Release|Any CPU.Build.0 = Release|Any CPU
		{0DEA2E0C-0F50-4F44-9DBA-F30B3D247821}.Release|Mixed Platforms.ActiveCfg = Release|Any CPU
		{0DEA2E0C-0F50-4F44-9DBA-F30B3D247821}.Release|Mixed Platforms.Build.0 = Release|Any CPU
		{0DEA2E0C-0F50-4F44-9DBA-F30B3D247821}.Release|x86.ActiveCfg = Release|Any CPU
		{A5786392-3131-4EC7-906A-143FA27F0F0E}.Debug|Any CPU.ActiveCfg = Debug|Any CPU
		{A5786392-3131-4EC7-906A-143FA27F0F0E}.Debug|Any CPU.Build.0 = Debug|Any CPU
		{A5786392-3131-4EC7-906A-143FA27F0F0E}.Debug|Mixed Platforms.ActiveCfg = Debug|Any CPU
		{A5786392-3131-4EC7-906A-143FA27F0F0E}.Debug|Mixed Platforms.Build.0 = Debug|Any CPU
		{A5786392-3131-4EC7-906A-143FA27F0F0E}.Debug|x86.ActiveCfg = Debug|Any CPU
		{A5786392-3131-4EC7-906A-143FA27F0F0E}.Release|Any CPU.ActiveCfg = Release|Any CPU
		{A5786392-3131-4EC7-906A-143FA27F0F0E}.Release|Any CPU.Build.0 = Release|Any CPU
		{A5786392-3131-4EC7-906A-143FA27F0F0E}.Release|Mixed Platforms.ActiveCfg = Release|Any CPU
		{A5786392-3131-4EC7-906A-143FA27F0F0E}.Release|Mixed Platforms.Build.0 = Release|Any CPU
		{A5786392-3131-4EC7-906A-143FA27F0F0E}.Release|x86.ActiveCfg = Release|Any CPU
		{948EEF3B-009B-4622-962E-BB61CF04AC03}.Debug|Any CPU.ActiveCfg = Debug|Any CPU
		{948EEF3B-009B-4622-962E-BB61CF04AC03}.Debug|Any CPU.Build.0 = Debug|Any CPU
		{948EEF3B-009B-4622-962E-BB61CF04AC03}.Debug|Mixed Platforms.ActiveCfg = Debug|Any CPU
		{948EEF3B-009B-4622-962E-BB61CF04AC03}.Debug|Mixed Platforms.Build.0 = Debug|Any CPU
		{948EEF3B-009B-4622-962E-BB61CF04AC03}.Debug|x86.ActiveCfg = Debug|Any CPU
		{948EEF3B-009B-4622-962E-BB61CF04AC03}.Release|Any CPU.ActiveCfg = Release|Any CPU
		{948EEF3B-009B-4622-962E-BB61CF04AC03}.Release|Any CPU.Build.0 = Release|Any CPU
		{948EEF3B-009B-4622-962E-BB61CF04AC03}.Release|Mixed Platforms.ActiveCfg = Release|Any CPU
		{948EEF3B-009B-4622-962E-BB61CF04AC03}.Release|Mixed Platforms.Build.0 = Release|Any CPU
		{948EEF3B-009B-4622-962E-BB61CF04AC03}.Release|x86.ActiveCfg = Release|Any CPU
		{CC767671-7196-4271-B2B4-09DB2C4A59AC}.Debug|Any CPU.ActiveCfg = Debug|Any CPU
		{CC767671-7196-4271-B2B4-09DB2C4A59AC}.Debug|Any CPU.Build.0 = Debug|Any CPU
		{CC767671-7196-4271-B2B4-09DB2C4A59AC}.Debug|Mixed Platforms.ActiveCfg = Debug|Any CPU
		{CC767671-7196-4271-B2B4-09DB2C4A59AC}.Debug|Mixed Platforms.Build.0 = Debug|Any CPU
		{CC767671-7196-4271-B2B4-09DB2C4A59AC}.Debug|x86.ActiveCfg = Debug|Any CPU
		{CC767671-7196-4271-B2B4-09DB2C4A59AC}.Release|Any CPU.ActiveCfg = Release|Any CPU
		{CC767671-7196-4271-B2B4-09DB2C4A59AC}.Release|Any CPU.Build.0 = Release|Any CPU
		{CC767671-7196-4271-B2B4-09DB2C4A59AC}.Release|Mixed Platforms.ActiveCfg = Release|Any CPU
		{CC767671-7196-4271-B2B4-09DB2C4A59AC}.Release|Mixed Platforms.Build.0 = Release|Any CPU
		{CC767671-7196-4271-B2B4-09DB2C4A59AC}.Release|x86.ActiveCfg = Release|Any CPU
		{70761CE9-8535-4B6C-8BA3-59E8EB4AD13C}.Debug|Any CPU.ActiveCfg = Debug|Any CPU
		{70761CE9-8535-4B6C-8BA3-59E8EB4AD13C}.Debug|Any CPU.Build.0 = Debug|Any CPU
		{70761CE9-8535-4B6C-8BA3-59E8EB4AD13C}.Debug|Mixed Platforms.ActiveCfg = Debug|Any CPU
		{70761CE9-8535-4B6C-8BA3-59E8EB4AD13C}.Debug|Mixed Platforms.Build.0 = Debug|Any CPU
		{70761CE9-8535-4B6C-8BA3-59E8EB4AD13C}.Debug|x86.ActiveCfg = Debug|Any CPU
		{70761CE9-8535-4B6C-8BA3-59E8EB4AD13C}.Release|Any CPU.ActiveCfg = Release|Any CPU
		{70761CE9-8535-4B6C-8BA3-59E8EB4AD13C}.Release|Any CPU.Build.0 = Release|Any CPU
		{70761CE9-8535-4B6C-8BA3-59E8EB4AD13C}.Release|Mixed Platforms.ActiveCfg = Release|Any CPU
		{70761CE9-8535-4B6C-8BA3-59E8EB4AD13C}.Release|Mixed Platforms.Build.0 = Release|Any CPU
		{70761CE9-8535-4B6C-8BA3-59E8EB4AD13C}.Release|x86.ActiveCfg = Release|Any CPU
		{231F85D2-8CEE-44D7-B988-F045798F3A12}.Debug|Any CPU.ActiveCfg = Debug|Any CPU
		{231F85D2-8CEE-44D7-B988-F045798F3A12}.Debug|Any CPU.Build.0 = Debug|Any CPU
		{231F85D2-8CEE-44D7-B988-F045798F3A12}.Debug|Mixed Platforms.ActiveCfg = Debug|Any CPU
		{231F85D2-8CEE-44D7-B988-F045798F3A12}.Debug|Mixed Platforms.Build.0 = Debug|Any CPU
		{231F85D2-8CEE-44D7-B988-F045798F3A12}.Debug|x86.ActiveCfg = Debug|Any CPU
		{231F85D2-8CEE-44D7-B988-F045798F3A12}.Release|Any CPU.ActiveCfg = Release|Any CPU
		{231F85D2-8CEE-44D7-B988-F045798F3A12}.Release|Any CPU.Build.0 = Release|Any CPU
		{231F85D2-8CEE-44D7-B988-F045798F3A12}.Release|Mixed Platforms.ActiveCfg = Release|Any CPU
		{231F85D2-8CEE-44D7-B988-F045798F3A12}.Release|Mixed Platforms.Build.0 = Release|Any CPU
		{231F85D2-8CEE-44D7-B988-F045798F3A12}.Release|x86.ActiveCfg = Release|Any CPU
		{43E29E44-4D36-4DFF-8EF4-CDC531AEA587}.Debug|Any CPU.ActiveCfg = Debug|Any CPU
		{43E29E44-4D36-4DFF-8EF4-CDC531AEA587}.Debug|Any CPU.Build.0 = Debug|Any CPU
		{43E29E44-4D36-4DFF-8EF4-CDC531AEA587}.Debug|Mixed Platforms.ActiveCfg = Debug|Any CPU
		{43E29E44-4D36-4DFF-8EF4-CDC531AEA587}.Debug|Mixed Platforms.Build.0 = Debug|Any CPU
		{43E29E44-4D36-4DFF-8EF4-CDC531AEA587}.Debug|x86.ActiveCfg = Debug|Any CPU
		{43E29E44-4D36-4DFF-8EF4-CDC531AEA587}.Release|Any CPU.ActiveCfg = Release|Any CPU
		{43E29E44-4D36-4DFF-8EF4-CDC531AEA587}.Release|Any CPU.Build.0 = Release|Any CPU
		{43E29E44-4D36-4DFF-8EF4-CDC531AEA587}.Release|Mixed Platforms.ActiveCfg = Release|Any CPU
		{43E29E44-4D36-4DFF-8EF4-CDC531AEA587}.Release|Mixed Platforms.Build.0 = Release|Any CPU
		{43E29E44-4D36-4DFF-8EF4-CDC531AEA587}.Release|x86.ActiveCfg = Release|Any CPU
		{8260BE8B-2297-469B-A53C-6C98F8481E9B}.Debug|Any CPU.ActiveCfg = Debug|Any CPU
		{8260BE8B-2297-469B-A53C-6C98F8481E9B}.Debug|Any CPU.Build.0 = Debug|Any CPU
		{8260BE8B-2297-469B-A53C-6C98F8481E9B}.Debug|Mixed Platforms.ActiveCfg = Debug|Any CPU
		{8260BE8B-2297-469B-A53C-6C98F8481E9B}.Debug|Mixed Platforms.Build.0 = Debug|Any CPU
		{8260BE8B-2297-469B-A53C-6C98F8481E9B}.Debug|x86.ActiveCfg = Debug|Any CPU
		{8260BE8B-2297-469B-A53C-6C98F8481E9B}.Release|Any CPU.ActiveCfg = Release|Any CPU
		{8260BE8B-2297-469B-A53C-6C98F8481E9B}.Release|Any CPU.Build.0 = Release|Any CPU
		{8260BE8B-2297-469B-A53C-6C98F8481E9B}.Release|Mixed Platforms.ActiveCfg = Release|Any CPU
		{8260BE8B-2297-469B-A53C-6C98F8481E9B}.Release|Mixed Platforms.Build.0 = Release|Any CPU
		{8260BE8B-2297-469B-A53C-6C98F8481E9B}.Release|x86.ActiveCfg = Release|Any CPU
		{C1790287-8E40-4340-A154-093779575BE0}.Debug|Any CPU.ActiveCfg = Debug|Any CPU
		{C1790287-8E40-4340-A154-093779575BE0}.Debug|Any CPU.Build.0 = Debug|Any CPU
		{C1790287-8E40-4340-A154-093779575BE0}.Debug|Mixed Platforms.ActiveCfg = Debug|Any CPU
		{C1790287-8E40-4340-A154-093779575BE0}.Debug|Mixed Platforms.Build.0 = Debug|Any CPU
		{C1790287-8E40-4340-A154-093779575BE0}.Debug|x86.ActiveCfg = Debug|Any CPU
		{C1790287-8E40-4340-A154-093779575BE0}.Release|Any CPU.ActiveCfg = Release|Any CPU
		{C1790287-8E40-4340-A154-093779575BE0}.Release|Any CPU.Build.0 = Release|Any CPU
		{C1790287-8E40-4340-A154-093779575BE0}.Release|Mixed Platforms.ActiveCfg = Release|Any CPU
		{C1790287-8E40-4340-A154-093779575BE0}.Release|Mixed Platforms.Build.0 = Release|Any CPU
		{C1790287-8E40-4340-A154-093779575BE0}.Release|x86.ActiveCfg = Release|Any CPU
	EndGlobalSection
	GlobalSection(SolutionProperties) = preSolution
		HideSolutionNode = FALSE
	EndGlobalSection
EndGlobal
